
Microsoft Visual Studio Solution File, Format Version 11.00
# Visual Studio 2010
Project("{FAE04EC0-301F-11D3-BF4B-00C04F79EFBC}") = "Assembly-CSharp", "Assembly-CSharp.csproj", "{9223FB53-8DE9-6E3B-7375-30CA36A923EE}"
EndProject
Global
	GlobalSection(SolutionConfigurationPlatforms) = preSolution
		Debug|Any CPU = Debug|Any CPU
		Release|Any CPU = Release|Any CPU
	EndGlobalSection
	GlobalSection(ProjectConfigurationPlatforms) = postSolution
		{9223FB53-8DE9-6E3B-7375-30CA36A923EE}.Debug|Any CPU.ActiveCfg = Debug|Any CPU
		{9223FB53-8DE9-6E3B-7375-30CA36A923EE}.Debug|Any CPU.Build.0 = Debug|Any CPU
		{9223FB53-8DE9-6E3B-7375-30CA36A923EE}.Release|Any CPU.ActiveCfg = Release|Any CPU
		{9223FB53-8DE9-6E3B-7375-30CA36A923EE}.Release|Any CPU.Build.0 = Release|Any CPU
	EndGlobalSection
	GlobalSection(SolutionProperties) = preSolution
		HideSolutionNode = FALSE
	EndGlobalSection
EndGlobal
